
Microsoft Visual Studio Solution File, Format Version 12.00
# Visual Studio 15
Project("{FAE04EC0-301F-11D3-BF4B-00C04F79EFBC}") = "Assembly-CSharp", "Assembly-CSharp.csproj", "{0B65C725-81E4-8660-C591-2C16FDACE1EB}"
EndProject
Project("{FAE04EC0-301F-11D3-BF4B-00C04F79EFBC}") = "Assembly-CSharp-Editor", "Assembly-CSharp-Editor.csproj", "{DBDAE5FA-1883-9AF9-6163-C790453A3952}"
EndProject
Global
	GlobalSection(SolutionConfigurationPlatforms) = preSolution
		Debug|Any CPU = Debug|Any CPU
		Release|Any CPU = Release|Any CPU
	EndGlobalSection
	GlobalSection(ProjectConfigurationPlatforms) = postSolution
		{0B65C725-81E4-8660-C591-2C16FDACE1EB}.Debug|Any CPU.ActiveCfg = Debug|Any CPU
		{0B65C725-81E4-8660-C591-2C16FDACE1EB}.Debug|Any CPU.Build.0 = Debug|Any CPU
		{0B65C725-81E4-8660-C591-2C16FDACE1EB}.Release|Any CPU.ActiveCfg = Release|Any CPU
		{0B65C725-81E4-8660-C591-2C16FDACE1EB}.Release|Any CPU.Build.0 = Release|Any CPU
		{DBDAE5FA-1883-9AF9-6163-C790453A3952}.Debug|Any CPU.ActiveCfg = Debug|Any CPU
		{DBDAE5FA-1883-9AF9-6163-C790453A3952}.Debug|Any CPU.Build.0 = Debug|Any CPU
		{DBDAE5FA-1883-9AF9-6163-C790453A3952}.Release|Any CPU.ActiveCfg = Release|Any CPU
		{DBDAE5FA-1883-9AF9-6163-C790453A3952}.Release|Any CPU.Build.0 = Release|Any CPU
	EndGlobalSection
	GlobalSection(SolutionProperties) = preSolution
		HideSolutionNode = FALSE
	EndGlobalSection
EndGlobal
